
Microsoft Visual Studio Solution File, Format Version 12.00
# Visual Studio Version 16
VisualStudioVersion = 16.0.29020.237
MinimumVisualStudioVersion = 10.0.40219.1
Project("{9A19103F-16F7-4668-BE54-9A1E7A4F7556}") = "AElfScanServer.Domain", "src\AElfScanServer.Domain\AElfScanServer.Domain.csproj", "{554AD327-6DBA-4F8F-96F8-81CE7A0C863F}"
EndProject
Project("{2150E333-8FDC-42A3-9474-1A3956D46DE8}") = "src", "src", "{CA9AC87F-097E-4F15-8393-4BC07735A5B0}"
EndProject
Project("{9A19103F-16F7-4668-BE54-9A1E7A4F7556}") = "AElfScanServer.Domain.Shared", "src\AElfScanServer.Domain.Shared\AElfScanServer.Domain.Shared.csproj", "{42F719ED-8413-4895-B5B4-5AB56079BC66}"
EndProject
Project("{FAE04EC0-301F-11D3-BF4B-00C04F79EFBC}") = "AElfScanServer.BFF", "src\AElfScanServer.BFF\AElfScanServer.BFF.csproj", "{AE623D04-DE1B-42F1-9796-11A2993CEDDF}"
EndProject
Project("{FAE04EC0-301F-11D3-BF4B-00C04F79EFBC}") = "AElfScanServer.BFF.Core", "src\AElfScanServer.BFF.Core\AElfScanServer.BFF.Core.csproj", "{30F1B1BD-3CF0-4B61-85BF-39C02461E916}"
EndProject
Project("{FAE04EC0-301F-11D3-BF4B-00C04F79EFBC}") = "AElfScanServer.Common", "src\AElfScanServer.Common\AElfScanServer.Common.csproj", "{6476A52E-8A81-46B9-A8F8-43BF259F1FE3}"
EndProject
Project("{FAE04EC0-301F-11D3-BF4B-00C04F79EFBC}") = "AElfScanServer.Token.HttpApi", "src\AElfScanServer.Token.HttpApi\AElfScanServer.Token.HttpApi.csproj", "{48700C52-A30E-4540-A1CC-05BD1E420393}"
EndProject
Project("{FAE04EC0-301F-11D3-BF4B-00C04F79EFBC}") = "AElfScanServer.Token.HttpApi.Host", "src\AElfScanServer.Token.HttpApi.Host\AElfScanServer.Token.HttpApi.Host.csproj", "{5CB0B7E8-40A6-4384-9A08-D857E4AB53C4}"
EndProject
Project("{FAE04EC0-301F-11D3-BF4B-00C04F79EFBC}") = "AElfScanServer.BlockChain.HttpApi", "src\AElfScanServer.BlockChain.HttpApi\AElfScanServer.BlockChain.HttpApi.csproj", "{F0E74427-B6E8-457D-A793-052570DB1A2E}"
EndProject
Project("{FAE04EC0-301F-11D3-BF4B-00C04F79EFBC}") = "AElfScanServer.BlockChain.HttpApi.Host", "src\AElfScanServer.BlockChain.HttpApi.Host\AElfScanServer.BlockChain.HttpApi.Host.csproj", "{5823F919-AE5B-4DE4-87C0-EBF21405FD24}"
EndProject
Project("{FAE04EC0-301F-11D3-BF4B-00C04F79EFBC}") = "AElfScanServer.Token", "src\AElfScanServer.Token\AElfScanServer.Token.csproj", "{033CF456-07FE-492F-8F98-6EC502BF506A}"
EndProject
Project("{FAE04EC0-301F-11D3-BF4B-00C04F79EFBC}") = "AElfScanServer.Address.HttpApi", "src\AElfScanServer.Address.HttpApi\AElfScanServer.Address.HttpApi.csproj", "{D0F90383-2A23-43DB-930C-1F160A257F6F}"
EndProject
Project("{FAE04EC0-301F-11D3-BF4B-00C04F79EFBC}") = "AElfScanServer.Address.HttpApi.Host", "src\AElfScanServer.Address.HttpApi.Host\AElfScanServer.Address.HttpApi.Host.csproj", "{F9B10DAC-1B93-4BCE-BB64-75ACC9F24C5E}"
EndProject
Project("{FAE04EC0-301F-11D3-BF4B-00C04F79EFBC}") = "AElfScanServer.BlockChain", "src\AElfScanServer.BlockChain\AElfScanServer.BlockChain.csproj", "{58769BF1-B2DC-4ADE-B2ED-6C01BFC4FCB1}"
EndProject
Project("{FAE04EC0-301F-11D3-BF4B-00C04F79EFBC}") = "AElfScanServer.Worker", "src\AElfScanServer.Worker\AElfScanServer.Worker.csproj", "{D6E727D9-BAF0-4470-B030-6E25203FA60B}"
EndProject
Project("{FAE04EC0-301F-11D3-BF4B-00C04F79EFBC}") = "AElfScanServer.Worker.Core", "src\AElfScanServer.Worker.Core\AElfScanServer.Worker.Core.csproj", "{FB54DD04-A56F-4E75-BF2C-B5D80525B7E2}"
EndProject
Global
	GlobalSection(SolutionConfigurationPlatforms) = preSolution
		Debug|Any CPU = Debug|Any CPU
		Release|Any CPU = Release|Any CPU
	EndGlobalSection
	GlobalSection(ProjectConfigurationPlatforms) = postSolution
		{554AD327-6DBA-4F8F-96F8-81CE7A0C863F}.Debug|Any CPU.ActiveCfg = Debug|Any CPU
		{554AD327-6DBA-4F8F-96F8-81CE7A0C863F}.Debug|Any CPU.Build.0 = Debug|Any CPU
		{554AD327-6DBA-4F8F-96F8-81CE7A0C863F}.Release|Any CPU.ActiveCfg = Release|Any CPU
		{554AD327-6DBA-4F8F-96F8-81CE7A0C863F}.Release|Any CPU.Build.0 = Release|Any CPU
		{42F719ED-8413-4895-B5B4-5AB56079BC66}.Debug|Any CPU.ActiveCfg = Debug|Any CPU
		{42F719ED-8413-4895-B5B4-5AB56079BC66}.Debug|Any CPU.Build.0 = Debug|Any CPU
		{42F719ED-8413-4895-B5B4-5AB56079BC66}.Release|Any CPU.ActiveCfg = Release|Any CPU
		{42F719ED-8413-4895-B5B4-5AB56079BC66}.Release|Any CPU.Build.0 = Release|Any CPU
		{AE623D04-DE1B-42F1-9796-11A2993CEDDF}.Debug|Any CPU.ActiveCfg = Debug|Any CPU
		{AE623D04-DE1B-42F1-9796-11A2993CEDDF}.Debug|Any CPU.Build.0 = Debug|Any CPU
		{AE623D04-DE1B-42F1-9796-11A2993CEDDF}.Release|Any CPU.ActiveCfg = Release|Any CPU
		{AE623D04-DE1B-42F1-9796-11A2993CEDDF}.Release|Any CPU.Build.0 = Release|Any CPU
		{30F1B1BD-3CF0-4B61-85BF-39C02461E916}.Debug|Any CPU.ActiveCfg = Debug|Any CPU
		{30F1B1BD-3CF0-4B61-85BF-39C02461E916}.Debug|Any CPU.Build.0 = Debug|Any CPU
		{30F1B1BD-3CF0-4B61-85BF-39C02461E916}.Release|Any CPU.ActiveCfg = Release|Any CPU
		{30F1B1BD-3CF0-4B61-85BF-39C02461E916}.Release|Any CPU.Build.0 = Release|Any CPU
		{6476A52E-8A81-46B9-A8F8-43BF259F1FE3}.Debug|Any CPU.ActiveCfg = Debug|Any CPU
		{6476A52E-8A81-46B9-A8F8-43BF259F1FE3}.Debug|Any CPU.Build.0 = Debug|Any CPU
		{6476A52E-8A81-46B9-A8F8-43BF259F1FE3}.Release|Any CPU.ActiveCfg = Release|Any CPU
		{6476A52E-8A81-46B9-A8F8-43BF259F1FE3}.Release|Any CPU.Build.0 = Release|Any CPU
		{48700C52-A30E-4540-A1CC-05BD1E420393}.Debug|Any CPU.ActiveCfg = Debug|Any CPU
		{48700C52-A30E-4540-A1CC-05BD1E420393}.Debug|Any CPU.Build.0 = Debug|Any CPU
		{48700C52-A30E-4540-A1CC-05BD1E420393}.Release|Any CPU.ActiveCfg = Release|Any CPU
		{48700C52-A30E-4540-A1CC-05BD1E420393}.Release|Any CPU.Build.0 = Release|Any CPU
		{5CB0B7E8-40A6-4384-9A08-D857E4AB53C4}.Debug|Any CPU.ActiveCfg = Debug|Any CPU
		{5CB0B7E8-40A6-4384-9A08-D857E4AB53C4}.Debug|Any CPU.Build.0 = Debug|Any CPU
		{5CB0B7E8-40A6-4384-9A08-D857E4AB53C4}.Release|Any CPU.ActiveCfg = Release|Any CPU
		{5CB0B7E8-40A6-4384-9A08-D857E4AB53C4}.Release|Any CPU.Build.0 = Release|Any CPU
		{F0E74427-B6E8-457D-A793-052570DB1A2E}.Debug|Any CPU.ActiveCfg = Debug|Any CPU
		{F0E74427-B6E8-457D-A793-052570DB1A2E}.Debug|Any CPU.Build.0 = Debug|Any CPU
		{F0E74427-B6E8-457D-A793-052570DB1A2E}.Release|Any CPU.ActiveCfg = Release|Any CPU
		{F0E74427-B6E8-457D-A793-052570DB1A2E}.Release|Any CPU.Build.0 = Release|Any CPU
		{5823F919-AE5B-4DE4-87C0-EBF21405FD24}.Debug|Any CPU.ActiveCfg = Debug|Any CPU
		{5823F919-AE5B-4DE4-87C0-EBF21405FD24}.Debug|Any CPU.Build.0 = Debug|Any CPU
		{5823F919-AE5B-4DE4-87C0-EBF21405FD24}.Release|Any CPU.ActiveCfg = Release|Any CPU
		{5823F919-AE5B-4DE4-87C0-EBF21405FD24}.Release|Any CPU.Build.0 = Release|Any CPU
		{033CF456-07FE-492F-8F98-6EC502BF506A}.Debug|Any CPU.ActiveCfg = Debug|Any CPU
		{033CF456-07FE-492F-8F98-6EC502BF506A}.Debug|Any CPU.Build.0 = Debug|Any CPU
		{033CF456-07FE-492F-8F98-6EC502BF506A}.Release|Any CPU.ActiveCfg = Release|Any CPU
		{033CF456-07FE-492F-8F98-6EC502BF506A}.Release|Any CPU.Build.0 = Release|Any CPU
		{D0F90383-2A23-43DB-930C-1F160A257F6F}.Debug|Any CPU.ActiveCfg = Debug|Any CPU
		{D0F90383-2A23-43DB-930C-1F160A257F6F}.Debug|Any CPU.Build.0 = Debug|Any CPU
		{D0F90383-2A23-43DB-930C-1F160A257F6F}.Release|Any CPU.ActiveCfg = Release|Any CPU
		{D0F90383-2A23-43DB-930C-1F160A257F6F}.Release|Any CPU.Build.0 = Release|Any CPU
		{F9B10DAC-1B93-4BCE-BB64-75ACC9F24C5E}.Debug|Any CPU.ActiveCfg = Debug|Any CPU
		{F9B10DAC-1B93-4BCE-BB64-75ACC9F24C5E}.Debug|Any CPU.Build.0 = Debug|Any CPU
		{F9B10DAC-1B93-4BCE-BB64-75ACC9F24C5E}.Release|Any CPU.ActiveCfg = Release|Any CPU
		{F9B10DAC-1B93-4BCE-BB64-75ACC9F24C5E}.Release|Any CPU.Build.0 = Release|Any CPU
		{58769BF1-B2DC-4ADE-B2ED-6C01BFC4FCB1}.Debug|Any CPU.ActiveCfg = Debug|Any CPU
		{58769BF1-B2DC-4ADE-B2ED-6C01BFC4FCB1}.Debug|Any CPU.Build.0 = Debug|Any CPU
		{58769BF1-B2DC-4ADE-B2ED-6C01BFC4FCB1}.Release|Any CPU.ActiveCfg = Release|Any CPU
		{58769BF1-B2DC-4ADE-B2ED-6C01BFC4FCB1}.Release|Any CPU.Build.0 = Release|Any CPU
		{D6E727D9-BAF0-4470-B030-6E25203FA60B}.Debug|Any CPU.ActiveCfg = Debug|Any CPU
		{D6E727D9-BAF0-4470-B030-6E25203FA60B}.Debug|Any CPU.Build.0 = Debug|Any CPU
		{D6E727D9-BAF0-4470-B030-6E25203FA60B}.Release|Any CPU.ActiveCfg = Release|Any CPU
		{D6E727D9-BAF0-4470-B030-6E25203FA60B}.Release|Any CPU.Build.0 = Release|Any CPU
		{FB54DD04-A56F-4E75-BF2C-B5D80525B7E2}.Debug|Any CPU.ActiveCfg = Debug|Any CPU
		{FB54DD04-A56F-4E75-BF2C-B5D80525B7E2}.Debug|Any CPU.Build.0 = Debug|Any CPU
		{FB54DD04-A56F-4E75-BF2C-B5D80525B7E2}.Release|Any CPU.ActiveCfg = Release|Any CPU
		{FB54DD04-A56F-4E75-BF2C-B5D80525B7E2}.Release|Any CPU.Build.0 = Release|Any CPU
	EndGlobalSection
	GlobalSection(SolutionProperties) = preSolution
		HideSolutionNode = FALSE
	EndGlobalSection
	GlobalSection(NestedProjects) = preSolution
		{554AD327-6DBA-4F8F-96F8-81CE7A0C863F} = {CA9AC87F-097E-4F15-8393-4BC07735A5B0}
		{42F719ED-8413-4895-B5B4-5AB56079BC66} = {CA9AC87F-097E-4F15-8393-4BC07735A5B0}
		{AE623D04-DE1B-42F1-9796-11A2993CEDDF} = {CA9AC87F-097E-4F15-8393-4BC07735A5B0}
		{30F1B1BD-3CF0-4B61-85BF-39C02461E916} = {CA9AC87F-097E-4F15-8393-4BC07735A5B0}
		{6476A52E-8A81-46B9-A8F8-43BF259F1FE3} = {CA9AC87F-097E-4F15-8393-4BC07735A5B0}
		{48700C52-A30E-4540-A1CC-05BD1E420393} = {CA9AC87F-097E-4F15-8393-4BC07735A5B0}
		{5CB0B7E8-40A6-4384-9A08-D857E4AB53C4} = {CA9AC87F-097E-4F15-8393-4BC07735A5B0}
		{F0E74427-B6E8-457D-A793-052570DB1A2E} = {CA9AC87F-097E-4F15-8393-4BC07735A5B0}
		{5823F919-AE5B-4DE4-87C0-EBF21405FD24} = {CA9AC87F-097E-4F15-8393-4BC07735A5B0}
		{033CF456-07FE-492F-8F98-6EC502BF506A} = {CA9AC87F-097E-4F15-8393-4BC07735A5B0}
		{D0F90383-2A23-43DB-930C-1F160A257F6F} = {CA9AC87F-097E-4F15-8393-4BC07735A5B0}
		{F9B10DAC-1B93-4BCE-BB64-75ACC9F24C5E} = {CA9AC87F-097E-4F15-8393-4BC07735A5B0}
		{58769BF1-B2DC-4ADE-B2ED-6C01BFC4FCB1} = {CA9AC87F-097E-4F15-8393-4BC07735A5B0}
		{D6E727D9-BAF0-4470-B030-6E25203FA60B} = {CA9AC87F-097E-4F15-8393-4BC07735A5B0}
		{FB54DD04-A56F-4E75-BF2C-B5D80525B7E2} = {CA9AC87F-097E-4F15-8393-4BC07735A5B0}
	EndGlobalSection
	GlobalSection(ExtensibilityGlobals) = postSolution
		SolutionGuid = {28315BFD-90E7-4E14-A2EA-F3D23AF4126F}
	EndGlobalSection
EndGlobal
